
Microsoft Visual Studio Solution File, Format Version 12.00
# Visual Studio Version 16
VisualStudioVersion = 16.0.30204.135
MinimumVisualStudioVersion = 10.0.40219.1
Project("{FAE04EC0-301F-11D3-BF4B-00C04F79EFBC}") = "VideoDownloadAndPlayback", "VideoDownloadAndPlayback.csproj", "{9BB64638-2C66-410D-8955-9761EF31C2E7}"
EndProject
Global
	GlobalSection(SolutionConfigurationPlatforms) = preSolution
		Debug|Any CPU = Debug|Any CPU
		Release|Any CPU = Release|Any CPU
	EndGlobalSection
	GlobalSection(ProjectConfigurationPlatforms) = postSolution
		{9BB64638-2C66-410D-8955-9761EF31C2E7}.Debug|Any CPU.ActiveCfg = Debug|Any CPU
		{9BB64638-2C66-410D-8955-9761EF31C2E7}.Debug|Any CPU.Build.0 = Debug|Any CPU
		{9BB64638-2C66-410D-8955-9761EF31C2E7}.Release|Any CPU.ActiveCfg = Release|Any CPU
		{9BB64638-2C66-410D-8955-9761EF31C2E7}.Release|Any CPU.Build.0 = Release|Any CPU
	EndGlobalSection
	GlobalSection(SolutionProperties) = preSolution
		HideSolutionNode = FALSE
	EndGlobalSection
	GlobalSection(ExtensibilityGlobals) = postSolution
		SolutionGuid = {DE04A659-F586-4800-80F0-AF8F3C2AE9B3}
	EndGlobalSection
EndGlobal
